<?xml version="1.0" encoding="utf-8"?>
<Project ToolsVersion="4.0" xmlns="http://schemas.microsoft.com/developer/msbuild/2003">
  <ItemGroup>
    <FxCompile Include="Gallery_PS.hlsl">
      <Filter>Shaders</Filter>
    </FxCompile>
    <FxCompile Include="Gallery_VS.hlsl">
      <Filter>Shaders</Filter>
    </FxCompile>
    <FxCompile Include="Gallery.fx" />
  </ItemGroup>
  <ItemGroup>
    <ClCompile Include="D3DFramework.cpp">
      <Filter>Source Files</Filter>
    </ClCompile>
    <ClCompile Include="DDSTextureLoader.cpp">
      <Filter>Source Files</Filter>
    </ClCompile>
    <ClCompile Include="GeneratePipeline.cpp">
      <Filter>Source Files</Filter>
    </ClCompile>
    <ClCompile Include="FileRead.cpp">
      <Filter>Source Files</Filter>
    </ClCompile>
    <ClCompile Include="Main.cpp">
      <Filter>Source Files</Filter>
    </ClCompile>
    <ClCompile Include="Camera.cpp" />
    <ClCompile Include="ModelManager.cpp">
      <Filter>Source Files\Managers</Filter>
    </ClCompile>
    <ClCompile Include="ShaderManager.cpp">
      <Filter>Source Files\Managers</Filter>
    </ClCompile>
    <ClCompile Include="Shaders.cpp">
      <Filter>Source Files\Shaders</Filter>
    </ClCompile>
    <ClCompile Include="RenderTexture.cpp">
      <Filter>Source Files\Textures</Filter>
    </ClCompile>
    <ClCompile Include="Textures.cpp">
      <Filter>Source Files\Textures</Filter>
    </ClCompile>
    <ClCompile Include="Dust.cpp" />
  </ItemGroup>
  <ItemGroup>
    <ClInclude Include="ShaderManager.h">
      <Filter>Header Files\Managers</Filter>
    </ClInclude>
    <ClInclude Include="Textures.h">
      <Filter>Header Files\Loaders</Filter>
    </ClInclude>
    <ClInclude Include="Dust.h">
      <Filter>Header Files\Scene components</Filter>
    </ClInclude>
    <ClInclude Include="ModelManager.h">
      <Filter>Header Files\Managers</Filter>
    </ClInclude>
    <ClInclude Include="RenderTexture.h">
      <Filter>Header Files\Loaders</Filter>
    </ClInclude>
    <ClInclude Include="GeneratePipeline.h">
      <Filter>Header Files\Generation</Filter>
    </ClInclude>
    <ClInclude Include="Mesh.h">
      <Filter>Header Files\Generation</Filter>
    </ClInclude>
    <ClInclude Include="Camera.h">
      <Filter>Header Files\Other</Filter>
    </ClInclude>
    <ClInclude Include="D3DFramework.h">
      <Filter>Header Files\Other</Filter>
    </ClInclude>
    <ClInclude Include="DDSTextureLoader.h">
      <Filter>Header Files\Other</Filter>
    </ClInclude>
    <ClInclude Include="Resource.h">
      <Filter>Header Files\Other</Filter>
    </ClInclude>
    <ClInclude Include="SimpleVertex.h">
      <Filter>Header Files\Generation</Filter>
    </ClInclude>
    <ClInclude Include="Shaders.h">
      <Filter>Header Files\Other</Filter>
    </ClInclude>
    <ClInclude Include="FileRead.h">
      <Filter>Header Files\Generation</Filter>
    </ClInclude>
    <ClInclude Include="ParticleStruct.h">
      <Filter>Header Files</Filter>
    </ClInclude>
  </ItemGroup>
  <ItemGroup>
    <ResourceCompile Include="Gallery.rc" />
  </ItemGroup>
  <ItemGroup>
    <Image Include="Gallery.ico" />
  </ItemGroup>
  <ItemGroup>
    <Filter Include="Header Files">
      <UniqueIdentifier>{0205cf5d-bec7-47a3-b712-5ef71f5c5ecd}</UniqueIdentifier>
    </Filter>
    <Filter Include="Source Files">
      <UniqueIdentifier>{ac83b84a-f364-4117-9d7d-a7a1f9c77f68}</UniqueIdentifier>
    </Filter>
    <Filter Include="Shaders">
      <UniqueIdentifier>{c9c9317d-e5f4-4314-af20-e9b4f7a7d00f}</UniqueIdentifier>
    </Filter>
    <Filter Include="Resources">
      <UniqueIdentifier>{1a1edaad-a921-4c04-ba9e-86b25252edca}</UniqueIdentifier>
    </Filter>
    <Filter Include="Header Files\Managers">
      <UniqueIdentifier>{71f95fb0-8207-4401-9342-6e165086f1e2}</UniqueIdentifier>
    </Filter>
    <Filter Include="Header Files\Generation">
      <UniqueIdentifier>{53221de7-6d67-439d-a5fa-ff60eab89416}</UniqueIdentifier>
    </Filter>
    <Filter Include="Header Files\Loaders">
      <UniqueIdentifier>{d2fb36c4-5478-49f4-99e5-0775a507dd29}</UniqueIdentifier>
    </Filter>
    <Filter Include="Header Files\Scene components">
      <UniqueIdentifier>{0913b0c0-fe7f-4084-a7ed-184b4f00739a}</UniqueIdentifier>
    </Filter>
    <Filter Include="Source Files\Managers">
      <UniqueIdentifier>{035d13d7-7322-4054-90cc-f3e21044dd3b}</UniqueIdentifier>
    </Filter>
    <Filter Include="Source Files\Shaders">
      <UniqueIdentifier>{ac2a6d56-64b1-4442-986e-2af92f44c893}</UniqueIdentifier>
    </Filter>
    <Filter Include="Source Files\Textures">
      <UniqueIdentifier>{dafc73d5-221e-48f2-8133-f2605ab8dadd}</UniqueIdentifier>
    </Filter>
    <Filter Include="Header Files\Other">
      <UniqueIdentifier>{47c86ffa-be41-439a-98c0-0638adbb12d0}</UniqueIdentifier>
    </Filter>
  </ItemGroup>
  <ItemGroup>
    <None Include="packages.config" />
    <None Include="ClassDiagram.cd" />
  </ItemGroup>
</Project>