<?xml version="1.0" encoding="utf-8"?>
<Project ToolsVersion="4.0" xmlns="http://schemas.microsoft.com/developer/msbuild/2003">
  <ItemGroup>
    <Filter Include="Source Files">
      <UniqueIdentifier>{4FC737F1-C7A5-4376-A066-2A32D752A2FF}</UniqueIdentifier>
      <Extensions>cpp;c;cc;cxx;def;odl;idl;hpj;bat;asm;asmx</Extensions>
    </Filter>
    <Filter Include="Header Files">
      <UniqueIdentifier>{93995380-89BD-4b04-88EB-625FBE52EBFB}</UniqueIdentifier>
      <Extensions>h;hh;hpp;hxx;hm;inl;inc;ipp;xsd</Extensions>
    </Filter>
    <Filter Include="Resource Files">
      <UniqueIdentifier>{67DA6AB6-F800-4c08-8B7A-83BB121AAD01}</UniqueIdentifier>
      <Extensions>rc;ico;cur;bmp;dlg;rc2;rct;bin;rgs;gif;jpg;jpeg;jpe;resx;tiff;tif;png;wav;mfcribbon-ms</Extensions>
    </Filter>
    <Filter Include="Shaders">
      <UniqueIdentifier>{9ac67c92-69f7-42f3-a7ba-38ea6793c26a}</UniqueIdentifier>
    </Filter>
  </ItemGroup>
  <ItemGroup>
    <ClInclude Include="Dragon.h">
      <Filter>Header Files</Filter>
    </ClInclude>
    <ClInclude Include="resource.h">
      <Filter>Resource Files</Filter>
    </ClInclude>
    <ClInclude Include="DDSTextureLoader.h">
      <Filter>Header Files</Filter>
    </ClInclude>
    <ClInclude Include="Camera.h">
      <Filter>Header Files</Filter>
    </ClInclude>
    <ClInclude Include="Readfile.h">
      <Filter>Source Files</Filter>
    </ClInclude>
    <ClInclude Include="Generate.h">
      <Filter>Header Files</Filter>
    </ClInclude>
    <ClInclude Include="Shadow.h">
      <Filter>Header Files</Filter>
    </ClInclude>
  </ItemGroup>
  <ItemGroup>
    <ClCompile Include="Gallery.cpp">
      <Filter>Source Files</Filter>
    </ClCompile>
    <ClCompile Include="Dragon.cpp">
      <Filter>Source Files</Filter>
    </ClCompile>
    <ClCompile Include="Sphere.cpp">
      <Filter>Source Files</Filter>
    </ClCompile>
    <ClCompile Include="DDSTextureLoader.cpp">
      <Filter>Source Files</Filter>
    </ClCompile>
    <ClCompile Include="Camera.cpp">
      <Filter>Source Files</Filter>
    </ClCompile>
    <ClCompile Include="Readfile.cpp">
      <Filter>Source Files</Filter>
    </ClCompile>
    <ClCompile Include="Generate.cpp">
      <Filter>Source Files</Filter>
    </ClCompile>
    <ClCompile Include="Shadow.cpp">
      <Filter>Source Files</Filter>
    </ClCompile>
  </ItemGroup>
  <ItemGroup>
    <Image Include="Gallery.ico">
      <Filter>Resource Files</Filter>
    </Image>
    <Image Include="Ambient.dds">
      <Filter>Resource Files</Filter>
    </Image>
    <Image Include="Roughness.dds">
      <Filter>Resource Files</Filter>
    </Image>
    <Image Include="Normal.dds">
      <Filter>Resource Files</Filter>
    </Image>
    <Image Include="Height.dds">
      <Filter>Resource Files</Filter>
    </Image>
    <Image Include="Emmision.dds">
      <Filter>Resource Files</Filter>
    </Image>
    <Image Include="BaseCol.dds">
      <Filter>Resource Files</Filter>
    </Image>
  </ItemGroup>
  <ItemGroup>
    <ResourceCompile Include="Gallery.rc">
      <Filter>Resource Files</Filter>
    </ResourceCompile>
  </ItemGroup>
  <ItemGroup>
    <FxCompile Include="Gallery.fx">
      <Filter>Shaders</Filter>
    </FxCompile>
    <FxCompile Include="Gallery_PS.hlsl">
      <Filter>Shaders</Filter>
    </FxCompile>
    <FxCompile Include="Gallery_VS.hlsl">
      <Filter>Shaders</Filter>
    </FxCompile>
  </ItemGroup>
  <ItemGroup>
    <None Include="packages.config" />
    <None Include="Sphere.mtl" />
    <None Include="Dragon.ply" />
    <None Include="pokeball.mtl" />
    <None Include="depth.ps">
      <Filter>Shaders</Filter>
    </None>
    <None Include="depth.vs">
      <Filter>Shaders</Filter>
    </None>
    <None Include="shadow.ps">
      <Filter>Shaders</Filter>
    </None>
    <None Include="shadow.vs">
      <Filter>Shaders</Filter>
    </None>
  </ItemGroup>
</Project>